{
  "requires": true,
  "lockfileVersion": 1,
  "dependencies": {
    "document-register-element": {
      "version": "1.5.0",
      "resolved": "https://registry.npmjs.org/document-register-element/-/document-register-element-1.5.0.tgz",
      "integrity": "sha1-qRvCCv2TQNUM22pJOvrxCTLBLgA="
    }
  }
}
